// !$*UTF8*$!
{
	archiveVersion = 1;
	classes = {
	};
	objectVersion = 46;
	objects = {

/* Begin PBXBuildFile section */
		32F81B621BF67B1500827A95 /* DataPersistenceTests.swift in Sources */ = {isa = PBXBuildFile; fileRef = 32F81B611BF67B1500827A95 /* DataPersistenceTests.swift */; };
		32F81B761BF67BDE00827A95 /* AppDelegate.swift in Sources */ = {isa = PBXBuildFile; fileRef = 32F81B6E1BF67BDE00827A95 /* AppDelegate.swift */; };
		32F81B771BF67BDE00827A95 /* AppDelegate.swift in Sources */ = {isa = PBXBuildFile; fileRef = 32F81B6E1BF67BDE00827A95 /* AppDelegate.swift */; };
		32F81B781BF67BDE00827A95 /* Assets.xcassets in Resources */ = {isa = PBXBuildFile; fileRef = 32F81B6F1BF67BDE00827A95 /* Assets.xcassets */; };
		32F81B791BF67BDE00827A95 /* Assets.xcassets in Resources */ = {isa = PBXBuildFile; fileRef = 32F81B6F1BF67BDE00827A95 /* Assets.xcassets */; };
		32F81B7A1BF67BDE00827A95 /* LaunchScreen.storyboard in Resources */ = {isa = PBXBuildFile; fileRef = 32F81B701BF67BDE00827A95 /* LaunchScreen.storyboard */; };
		32F81B7B1BF67BDE00827A95 /* LaunchScreen.storyboard in Resources */ = {isa = PBXBuildFile; fileRef = 32F81B701BF67BDE00827A95 /* LaunchScreen.storyboard */; };
		32F81B7C1BF67BDE00827A95 /* Main.storyboard in Resources */ = {isa = PBXBuildFile; fileRef = 32F81B721BF67BDE00827A95 /* Main.storyboard */; };
		32F81B7D1BF67BDE00827A95 /* Main.storyboard in Resources */ = {isa = PBXBuildFile; fileRef = 32F81B721BF67BDE00827A95 /* Main.storyboard */; };
		32F81B801BF67BDE00827A95 /* ViewController.swift in Sources */ = {isa = PBXBuildFile; fileRef = 32F81B751BF67BDE00827A95 /* ViewController.swift */; };
		32F81B811BF67BDE00827A95 /* ViewController.swift in Sources */ = {isa = PBXBuildFile; fileRef = 32F81B751BF67BDE00827A95 /* ViewController.swift */; };
		32F81B831BF67C1800827A95 /* DataPersistence.swift in Sources */ = {isa = PBXBuildFile; fileRef = 32F81B821BF67C1800827A95 /* DataPersistence.swift */; };
		32F81B841BF67C1800827A95 /* DataPersistence.swift in Sources */ = {isa = PBXBuildFile; fileRef = 32F81B821BF67C1800827A95 /* DataPersistence.swift */; };
/* End PBXBuildFile section */

/* Begin PBXContainerItemProxy section */
		32F81B5E1BF67B1500827A95 /* PBXContainerItemProxy */ = {
			isa = PBXContainerItemProxy;
			containerPortal = 32F81B411BF67B1500827A95 /* Project object */;
			proxyType = 1;
			remoteGlobalIDString = 32F81B481BF67B1500827A95;
			remoteInfo = DataPersistence;
		};
/* End PBXContainerItemProxy section */

/* Begin PBXFileReference section */
		32F81B491BF67B1500827A95 /* DataPersistence.app */ = {isa = PBXFileReference; explicitFileType = wrapper.application; includeInIndex = 0; path = DataPersistence.app; sourceTree = BUILT_PRODUCTS_DIR; };
		32F81B5D1BF67B1500827A95 /* DataPersistenceTests.xctest */ = {isa = PBXFileReference; explicitFileType = wrapper.cfbundle; includeInIndex = 0; path = DataPersistenceTests.xctest; sourceTree = BUILT_PRODUCTS_DIR; };
		32F81B611BF67B1500827A95 /* DataPersistenceTests.swift */ = {isa = PBXFileReference; lastKnownFileType = sourcecode.swift; path = DataPersistenceTests.swift; sourceTree = "<group>"; };
		32F81B631BF67B1500827A95 /* Info.plist */ = {isa = PBXFileReference; lastKnownFileType = text.plist.xml; path = Info.plist; sourceTree = "<group>"; };
		32F81B6E1BF67BDE00827A95 /* AppDelegate.swift */ = {isa = PBXFileReference; fileEncoding = 4; lastKnownFileType = sourcecode.swift; path = AppDelegate.swift; sourceTree = "<group>"; };
		32F81B6F1BF67BDE00827A95 /* Assets.xcassets */ = {isa = PBXFileReference; lastKnownFileType = folder.assetcatalog; path = Assets.xcassets; sourceTree = "<group>"; };
		32F81B711BF67BDE00827A95 /* Base */ = {isa = PBXFileReference; lastKnownFileType = file.storyboard; name = Base; path = Base.lproj/LaunchScreen.storyboard; sourceTree = "<group>"; };
		32F81B731BF67BDE00827A95 /* Base */ = {isa = PBXFileReference; lastKnownFileType = file.storyboard; name = Base; path = Base.lproj/Main.storyboard; sourceTree = "<group>"; };
		32F81B741BF67BDE00827A95 /* Info.plist */ = {isa = PBXFileReference; fileEncoding = 4; lastKnownFileType = text.plist.xml; path = Info.plist; sourceTree = "<group>"; };
		32F81B751BF67BDE00827A95 /* ViewController.swift */ = {isa = PBXFileReference; fileEncoding = 4; lastKnownFileType = sourcecode.swift; path = ViewController.swift; sourceTree = "<group>"; };
		32F81B821BF67C1800827A95 /* DataPersistence.swift */ = {isa = PBXFileReference; fileEncoding = 4; lastKnownFileType = sourcecode.swift; name = DataPersistence.swift; path = DataPersistence/DataPersistence.swift; sourceTree = SOURCE_ROOT; };
/* End PBXFileReference section */

/* Begin PBXFrameworksBuildPhase section */
		32F81B461BF67B1500827A95 /* Frameworks */ = {
			isa = PBXFrameworksBuildPhase;
			buildActionMask = 2147483647;
			files = (
			);
			runOnlyForDeploymentPostprocessing = 0;
		};
		32F81B5A1BF67B1500827A95 /* Frameworks */ = {
			isa = PBXFrameworksBuildPhase;
			buildActionMask = 2147483647;
			files = (
			);
			runOnlyForDeploymentPostprocessing = 0;
		};
/* End PBXFrameworksBuildPhase section */

/* Begin PBXGroup section */
		32F81B401BF67B1500827A95 = {
			isa = PBXGroup;
			children = (
				32F81B6D1BF67BDE00827A95 /* Demo */,
				32F81B4B1BF67B1500827A95 /* DataPersistence */,
				32F81B601BF67B1500827A95 /* DataPersistenceTests */,
				32F81B4A1BF67B1500827A95 /* Products */,
			);
			sourceTree = "<group>";
		};
		32F81B4A1BF67B1500827A95 /* Products */ = {
			isa = PBXGroup;
			children = (
				32F81B491BF67B1500827A95 /* DataPersistence.app */,
				32F81B5D1BF67B1500827A95 /* DataPersistenceTests.xctest */,
			);
			name = Products;
			sourceTree = "<group>";
		};
		32F81B4B1BF67B1500827A95 /* DataPersistence */ = {
			isa = PBXGroup;
			children = (
				32F81B821BF67C1800827A95 /* DataPersistence.swift */,
			);
			path = DataPersistence;
			sourceTree = "<group>";
		};
		32F81B601BF67B1500827A95 /* DataPersistenceTests */ = {
			isa = PBXGroup;
			children = (
				32F81B611BF67B1500827A95 /* DataPersistenceTests.swift */,
				32F81B631BF67B1500827A95 /* Info.plist */,
			);
			path = DataPersistenceTests;
			sourceTree = "<group>";
		};
		32F81B6D1BF67BDE00827A95 /* Demo */ = {
			isa = PBXGroup;
			children = (
				32F81B6E1BF67BDE00827A95 /* AppDelegate.swift */,
				32F81B6F1BF67BDE00827A95 /* Assets.xcassets */,
				32F81B701BF67BDE00827A95 /* LaunchScreen.storyboard */,
				32F81B721BF67BDE00827A95 /* Main.storyboard */,
				32F81B741BF67BDE00827A95 /* Info.plist */,
				32F81B751BF67BDE00827A95 /* ViewController.swift */,
			);
			path = Demo;
			sourceTree = "<group>";
		};
/* End PBXGroup section */

/* Begin PBXNativeTarget section */
		32F81B481BF67B1500827A95 /* DataPersistence */ = {
			isa = PBXNativeTarget;
			buildConfigurationList = 32F81B661BF67B1500827A95 /* Build configuration list for PBXNativeTarget "DataPersistence" */;
			buildPhases = (
				32F81B451BF67B1500827A95 /* Sources */,
				32F81B461BF67B1500827A95 /* Frameworks */,
				32F81B471BF67B1500827A95 /* Resources */,
			);
			buildRules = (
			);
			dependencies = (
			);
			name = DataPersistence;
			productName = DataPersistence;
			productReference = 32F81B491BF67B1500827A95 /* DataPersistence.app */;
			productType = "com.apple.product-type.application";
		};
		32F81B5C1BF67B1500827A95 /* DataPersistenceTests */ = {
			isa = PBXNativeTarget;
			buildConfigurationList = 32F81B691BF67B1500827A95 /* Build configuration list for PBXNativeTarget "DataPersistenceTests" */;
			buildPhases = (
				32F81B591BF67B1500827A95 /* Sources */,
				32F81B5A1BF67B1500827A95 /* Frameworks */,
				32F81B5B1BF67B1500827A95 /* Resources */,
			);
			buildRules = (
			);
			dependencies = (
				32F81B5F1BF67B1500827A95 /* PBXTargetDependency */,
			);
			name = DataPersistenceTests;
			productName = DataPersistenceTests;
			productReference = 32F81B5D1BF67B1500827A95 /* DataPersistenceTests.xctest */;
			productType = "com.apple.product-type.bundle.unit-test";
		};
/* End PBXNativeTarget section */

/* Begin PBXProject section */
		32F81B411BF67B1500827A95 /* Project object */ = {
			isa = PBXProject;
			attributes = {
				LastSwiftUpdateCheck = 0710;
				LastUpgradeCheck = 0710;
				ORGANIZATIONNAME = "Tom Diggle";
				TargetAttributes = {
					32F81B481BF67B1500827A95 = {
						CreatedOnToolsVersion = 7.1;
					};
					32F81B5C1BF67B1500827A95 = {
						CreatedOnToolsVersion = 7.1;
						TestTargetID = 32F81B481BF67B1500827A95;
					};
				};
			};
			buildConfigurationList = 32F81B441BF67B1500827A95 /* Build configuration list for PBXProject "DataPersistence" */;
			compatibilityVersion = "Xcode 3.2";
			developmentRegion = English;
			hasScannedForEncodings = 0;
			knownRegions = (
				en,
				Base,
			);
			mainGroup = 32F81B401BF67B1500827A95;
			productRefGroup = 32F81B4A1BF67B1500827A95 /* Products */;
			projectDirPath = "";
			projectRoot = "";
			targets = (
				32F81B481BF67B1500827A95 /* DataPersistence */,
				32F81B5C1BF67B1500827A95 /* DataPersistenceTests */,
			);
		};
/* End PBXProject section */

/* Begin PBXResourcesBuildPhase section */
		32F81B471BF67B1500827A95 /* Resources */ = {
			isa = PBXResourcesBuildPhase;
			buildActionMask = 2147483647;
			files = (
				32F81B7C1BF67BDE00827A95 /* Main.storyboard in Resources */,
				32F81B781BF67BDE00827A95 /* Assets.xcassets in Resources */,
				32F81B7A1BF67BDE00827A95 /* LaunchScreen.storyboard in Resources */,
			);
			runOnlyForDeploymentPostprocessing = 0;
		};
		32F81B5B1BF67B1500827A95 /* Resources */ = {
			isa = PBXResourcesBuildPhase;
			buildActionMask = 2147483647;
			files = (
				32F81B7D1BF67BDE00827A95 /* Main.storyboard in Resources */,
				32F81B791BF67BDE00827A95 /* Assets.xcassets in Resources */,
				32F81B7B1BF67BDE00827A95 /* LaunchScreen.storyboard in Resources */,
			);
			runOnlyForDeploymentPostprocessing = 0;
		};
/* End PBXResourcesBuildPhase section */

/* Begin PBXSourcesBuildPhase section */
		32F81B451BF67B1500827A95 /* Sources */ = {
			isa = PBXSourcesBuildPhase;
			buildActionMask = 2147483647;
			files = (
				32F81B831BF67C1800827A95 /* DataPersistence.swift in Sources */,
				32F81B801BF67BDE00827A95 /* ViewController.swift in Sources */,
				32F81B761BF67BDE00827A95 /* AppDelegate.swift in Sources */,
			);
			runOnlyForDeploymentPostprocessing = 0;
		};
		32F81B591BF67B1500827A95 /* Sources */ = {
			isa = PBXSourcesBuildPhase;
			buildActionMask = 2147483647;
			files = (
				32F81B811BF67BDE00827A95 /* ViewController.swift in Sources */,
				32F81B771BF67BDE00827A95 /* AppDelegate.swift in Sources */,
				32F81B621BF67B1500827A95 /* DataPersistenceTests.swift in Sources */,
				32F81B841BF67C1800827A95 /* DataPersistence.swift in Sources */,
			);
			runOnlyForDeploymentPostprocessing = 0;
		};
/* End PBXSourcesBuildPhase section */

/* Begin PBXTargetDependency section */
		32F81B5F1BF67B1500827A95 /* PBXTargetDependency */ = {
			isa = PBXTargetDependency;
			target = 32F81B481BF67B1500827A95 /* DataPersistence */;
			targetProxy = 32F81B5E1BF67B1500827A95 /* PBXContainerItemProxy */;
		};
/* End PBXTargetDependency section */

/* Begin PBXVariantGroup section */
		32F81B701BF67BDE00827A95 /* LaunchScreen.storyboard */ = {
			isa = PBXVariantGroup;
			children = (
				32F81B711BF67BDE00827A95 /* Base */,
			);
			name = LaunchScreen.storyboard;
			sourceTree = "<group>";
		};
		32F81B721BF67BDE00827A95 /* Main.storyboard */ = {
			isa = PBXVariantGroup;
			children = (
				32F81B731BF67BDE00827A95 /* Base */,
			);
			name = Main.storyboard;
			sourceTree = "<group>";
		};
/* End PBXVariantGroup section */

/* Begin XCBuildConfiguration section */
		32F81B641BF67B1500827A95 /* Debug */ = {
			isa = XCBuildConfiguration;
			buildSettings = {
				ALWAYS_SEARCH_USER_PATHS = NO;
				CLANG_CXX_LANGUAGE_STANDARD = "gnu++0x";
				CLANG_CXX_LIBRARY = "libc++";
				CLANG_ENABLE_MODULES = YES;
				CLANG_ENABLE_OBJC_ARC = YES;
				CLANG_WARN_BOOL_CONVERSION = YES;
				CLANG_WARN_CONSTANT_CONVERSION = YES;
				CLANG_WARN_DIRECT_OBJC_ISA_USAGE = YES_ERROR;
				CLANG_WARN_EMPTY_BODY = YES;
				CLANG_WARN_ENUM_CONVERSION = YES;
				CLANG_WARN_INT_CONVERSION = YES;
				CLANG_WARN_OBJC_ROOT_CLASS = YES_ERROR;
				CLANG_WARN_UNREACHABLE_CODE = YES;
				CLANG_WARN__DUPLICATE_METHOD_MATCH = YES;
				"CODE_SIGN_IDENTITY[sdk=iphoneos*]" = "iPhone Developer";
				COPY_PHASE_STRIP = NO;
				DEBUG_INFORMATION_FORMAT = dwarf;
				ENABLE_STRICT_OBJC_MSGSEND = YES;
				ENABLE_TESTABILITY = YES;
				GCC_C_LANGUAGE_STANDARD = gnu99;
				GCC_DYNAMIC_NO_PIC = NO;
				GCC_NO_COMMON_BLOCKS = YES;
				GCC_OPTIMIZATION_LEVEL = 0;
				GCC_PREPROCESSOR_DEFINITIONS = (
					"DEBUG=1",
					"$(inherited)",
				);
				GCC_WARN_64_TO_32_BIT_CONVERSION = YES;
				GCC_WARN_ABOUT_RETURN_TYPE = YES_ERROR;
				GCC_WARN_UNDECLARED_SELECTOR = YES;
				GCC_WARN_UNINITIALIZED_AUTOS = YES_AGGRESSIVE;
				GCC_WARN_UNUSED_FUNCTION = YES;
				GCC_WARN_UNUSED_VARIABLE = YES;
				IPHONEOS_DEPLOYMENT_TARGET = 9.1;
				MTL_ENABLE_DEBUG_INFO = YES;
				ONLY_ACTIVE_ARCH = YES;
				SDKROOT = iphoneos;
				SWIFT_OPTIMIZATION_LEVEL = "-Onone";
			};
			name = Debug;
		};
		32F81B651BF67B1500827A95 /* Release */ = {
			isa = XCBuildConfiguration;
			buildSettings = {
				ALWAYS_SEARCH_USER_PATHS = NO;
				CLANG_CXX_LANGUAGE_STANDARD = "gnu++0x";
				CLANG_CXX_LIBRARY = "libc++";
				CLANG_ENABLE_MODULES = YES;
				CLANG_ENABLE_OBJC_ARC = YES;
				CLANG_WARN_BOOL_CONVERSION = YES;
				CLANG_WARN_CONSTANT_CONVERSION = YES;
				CLANG_WARN_DIRECT_OBJC_ISA_USAGE = YES_ERROR;
				CLANG_WARN_EMPTY_BODY = YES;
				CLANG_WARN_ENUM_CONVERSION = YES;
				CLANG_WARN_INT_CONVERSION = YES;
				CLANG_WARN_OBJC_ROOT_CLASS = YES_ERROR;
				CLANG_WARN_UNREACHABLE_CODE = YES;
				CLANG_WARN__DUPLICATE_METHOD_MATCH = YES;
				"CODE_SIGN_IDENTITY[sdk=iphoneos*]" = "iPhone Developer";
				COPY_PHASE_STRIP = NO;
				DEBUG_INFORMATION_FORMAT = "dwarf-with-dsym";
				ENABLE_NS_ASSERTIONS = NO;
				ENABLE_STRICT_OBJC_MSGSEND = YES;
				GCC_C_LANGUAGE_STANDARD = gnu99;
				GCC_NO_COMMON_BLOCKS = YES;
				GCC_WARN_64_TO_32_BIT_CONVERSION = YES;
				GCC_WARN_ABOUT_RETURN_TYPE = YES_ERROR;
				GCC_WARN_UNDECLARED_SELECTOR = YES;
				GCC_WARN_UNINITIALIZED_AUTOS = YES_AGGRESSIVE;
				GCC_WARN_UNUSED_FUNCTION = YES;
				GCC_WARN_UNUSED_VARIABLE = YES;
				IPHONEOS_DEPLOYMENT_TARGET = 9.1;
				MTL_ENABLE_DEBUG_INFO = NO;
				SDKROOT = iphoneos;
				VALIDATE_PRODUCT = YES;
			};
			name = Release;
		};
		32F81B671BF67B1500827A95 /* Debug */ = {
			isa = XCBuildConfiguration;
			buildSettings = {
				ASSETCATALOG_COMPILER_APPICON_NAME = AppIcon;
				INFOPLIST_FILE = Demo/Info.plist;
				LD_RUNPATH_SEARCH_PATHS = "$(inherited) @executable_path/Frameworks";
				PRODUCT_BUNDLE_IDENTIFIER = com.tomdiggle.DataPersistence;
				PRODUCT_NAME = "$(TARGET_NAME)";
			};
			name = Debug;
		};
		32F81B681BF67B1500827A95 /* Release */ = {
			isa = XCBuildConfiguration;
			buildSettings = {
				ASSETCATALOG_COMPILER_APPICON_NAME = AppIcon;
				INFOPLIST_FILE = Demo/Info.plist;
				LD_RUNPATH_SEARCH_PATHS = "$(inherited) @executable_path/Frameworks";
				PRODUCT_BUNDLE_IDENTIFIER = com.tomdiggle.DataPersistence;
				PRODUCT_NAME = "$(TARGET_NAME)";
			};
			name = Release;
		};
		32F81B6A1BF67B1500827A95 /* Debug */ = {
			isa = XCBuildConfiguration;
			buildSettings = {
				BUNDLE_LOADER = "$(TEST_HOST)";
				INFOPLIST_FILE = DataPersistenceTests/Info.plist;
				LD_RUNPATH_SEARCH_PATHS = "$(inherited) @executable_path/Frameworks @loader_path/Frameworks";
				PRODUCT_BUNDLE_IDENTIFIER = com.tomdiggle.DataPersistenceTests;
				PRODUCT_NAME = "$(TARGET_NAME)";
				TEST_HOST = "$(BUILT_PRODUCTS_DIR)/DataPersistence.app/DataPersistence";
			};
			name = Debug;
		};
		32F81B6B1BF67B1500827A95 /* Release */ = {
			isa = XCBuildConfiguration;
			buildSettings = {
				BUNDLE_LOADER = "$(TEST_HOST)";
				INFOPLIST_FILE = DataPersistenceTests/Info.plist;
				LD_RUNPATH_SEARCH_PATHS = "$(inherited) @executable_path/Frameworks @loader_path/Frameworks";
				PRODUCT_BUNDLE_IDENTIFIER = com.tomdiggle.DataPersistenceTests;
				PRODUCT_NAME = "$(TARGET_NAME)";
				TEST_HOST = "$(BUILT_PRODUCTS_DIR)/DataPersistence.app/DataPersistence";
			};
			name = Release;
		};
/* End XCBuildConfiguration section */

/* Begin XCConfigurationList section */
		32F81B441BF67B1500827A95 /* Build configuration list for PBXProject "DataPersistence" */ = {
			isa = XCConfigurationList;
			buildConfigurations = (
				32F81B641BF67B1500827A95 /* Debug */,
				32F81B651BF67B1500827A95 /* Release */,
			);
			defaultConfigurationIsVisible = 0;
			defaultConfigurationName = Release;
		};
		32F81B661BF67B1500827A95 /* Build configuration list for PBXNativeTarget "DataPersistence" */ = {
			isa = XCConfigurationList;
			buildConfigurations = (
				32F81B671BF67B1500827A95 /* Debug */,
				32F81B681BF67B1500827A95 /* Release */,
			);
			defaultConfigurationIsVisible = 0;
			defaultConfigurationName = Release;
		};
		32F81B691BF67B1500827A95 /* Build configuration list for PBXNativeTarget "DataPersistenceTests" */ = {
			isa = XCConfigurationList;
			buildConfigurations = (
				32F81B6A1BF67B1500827A95 /* Debug */,
				32F81B6B1BF67B1500827A95 /* Release */,
			);
			defaultConfigurationIsVisible = 0;
			defaultConfigurationName = Release;
		};
/* End XCConfigurationList section */
	};
	rootObject = 32F81B411BF67B1500827A95 /* Project object */;
}
